
Microsoft Visual Studio Solution File, Format Version 12.00
# Visual Studio Version 17
VisualStudioVersion = 17.3.32922.545
MinimumVisualStudioVersion = 10.0.40219.1
Project("{FAE04EC0-301F-11D3-BF4B-00C04F79EFBC}") = "Static classes cs", "Static classes cs\Static classes cs.csproj", "{19C70FD6-127B-44A3-ABE8-7E1CCAC8056B}"
EndProject
Global
	GlobalSection(SolutionConfigurationPlatforms) = preSolution
		Debug|Any CPU = Debug|Any CPU
		Release|Any CPU = Release|Any CPU
	EndGlobalSection
	GlobalSection(ProjectConfigurationPlatforms) = postSolution
		{19C70FD6-127B-44A3-ABE8-7E1CCAC8056B}.Debug|Any CPU.ActiveCfg = Debug|Any CPU
		{19C70FD6-127B-44A3-ABE8-7E1CCAC8056B}.Debug|Any CPU.Build.0 = Debug|Any CPU
		{19C70FD6-127B-44A3-ABE8-7E1CCAC8056B}.Release|Any CPU.ActiveCfg = Release|Any CPU
		{19C70FD6-127B-44A3-ABE8-7E1CCAC8056B}.Release|Any CPU.Build.0 = Release|Any CPU
	EndGlobalSection
	GlobalSection(SolutionProperties) = preSolution
		HideSolutionNode = FALSE
	EndGlobalSection
	GlobalSection(ExtensibilityGlobals) = postSolution
		SolutionGuid = {4F03BDB6-12A1-43E7-9FA1-69D1E92A945F}
	EndGlobalSection
EndGlobal
